
Microsoft Visual Studio Solution File, Format Version 12.00
# Visual Studio 2013
VisualStudioVersion = 12.0.30501.0
MinimumVisualStudioVersion = 10.0.40219.1
Project("{2150E333-8FDC-42A3-9474-1A3956D46DE8}") = "01 HostService", "01 HostService", "{A81DD736-E8A5-403F-8CA6-651FAEFD3B20}"
EndProject
Project("{2150E333-8FDC-42A3-9474-1A3956D46DE8}") = "02 SchedulerManager", "02 SchedulerManager", "{4E148DF4-38E1-4A89-9C11-C34E086DC628}"
EndProject
Project("{FAE04EC0-301F-11D3-BF4B-00C04F79EFBC}") = "SchedulerService", "SchedulerService\SchedulerService.csproj", "{4DAD8871-3C39-4A4F-B3C7-28A315F432A8}"
EndProject
Project("{FAE04EC0-301F-11D3-BF4B-00C04F79EFBC}") = "HubRoute", "HubRoute\HubRoute.csproj", "{B602DDF0-BD22-482F-9E70-2F9FCDEC2F11}"
EndProject
Project("{FAE04EC0-301F-11D3-BF4B-00C04F79EFBC}") = "WebManagerApi", "WebManagerApi\WebManagerApi.csproj", "{8702D474-4AEA-4013-88BB-DAC027409009}"
EndProject
Project("{FAE04EC0-301F-11D3-BF4B-00C04F79EFBC}") = "SchedulerManagerCore", "SchedulerManagerCore\SchedulerManagerCore.csproj", "{1542C38E-D331-44D8-9128-9A2399184D8D}"
EndProject
Project("{2150E333-8FDC-42A3-9474-1A3956D46DE8}") = "03  Service", "03  Service", "{776D2A39-4C7F-4060-97F0-CB241696B0C2}"
EndProject
Project("{FAE04EC0-301F-11D3-BF4B-00C04F79EFBC}") = "WebManagerPanel", "WebManagerPanel\WebManagerPanel.csproj", "{2183C654-3969-41D7-A8E2-B463C2F942C5}"
EndProject
Global
	GlobalSection(SolutionConfigurationPlatforms) = preSolution
		Debug|Any CPU = Debug|Any CPU
		Release|Any CPU = Release|Any CPU
	EndGlobalSection
	GlobalSection(ProjectConfigurationPlatforms) = postSolution
		{4DAD8871-3C39-4A4F-B3C7-28A315F432A8}.Debug|Any CPU.ActiveCfg = Debug|Any CPU
		{4DAD8871-3C39-4A4F-B3C7-28A315F432A8}.Debug|Any CPU.Build.0 = Debug|Any CPU
		{4DAD8871-3C39-4A4F-B3C7-28A315F432A8}.Release|Any CPU.ActiveCfg = Release|Any CPU
		{4DAD8871-3C39-4A4F-B3C7-28A315F432A8}.Release|Any CPU.Build.0 = Release|Any CPU
		{B602DDF0-BD22-482F-9E70-2F9FCDEC2F11}.Debug|Any CPU.ActiveCfg = Debug|Any CPU
		{B602DDF0-BD22-482F-9E70-2F9FCDEC2F11}.Debug|Any CPU.Build.0 = Debug|Any CPU
		{B602DDF0-BD22-482F-9E70-2F9FCDEC2F11}.Release|Any CPU.ActiveCfg = Release|Any CPU
		{B602DDF0-BD22-482F-9E70-2F9FCDEC2F11}.Release|Any CPU.Build.0 = Release|Any CPU
		{8702D474-4AEA-4013-88BB-DAC027409009}.Debug|Any CPU.ActiveCfg = Debug|Any CPU
		{8702D474-4AEA-4013-88BB-DAC027409009}.Debug|Any CPU.Build.0 = Debug|Any CPU
		{8702D474-4AEA-4013-88BB-DAC027409009}.Release|Any CPU.ActiveCfg = Release|Any CPU
		{8702D474-4AEA-4013-88BB-DAC027409009}.Release|Any CPU.Build.0 = Release|Any CPU
		{1542C38E-D331-44D8-9128-9A2399184D8D}.Debug|Any CPU.ActiveCfg = Debug|Any CPU
		{1542C38E-D331-44D8-9128-9A2399184D8D}.Debug|Any CPU.Build.0 = Debug|Any CPU
		{1542C38E-D331-44D8-9128-9A2399184D8D}.Release|Any CPU.ActiveCfg = Release|Any CPU
		{1542C38E-D331-44D8-9128-9A2399184D8D}.Release|Any CPU.Build.0 = Release|Any CPU
		{2183C654-3969-41D7-A8E2-B463C2F942C5}.Debug|Any CPU.ActiveCfg = Debug|Any CPU
		{2183C654-3969-41D7-A8E2-B463C2F942C5}.Debug|Any CPU.Build.0 = Debug|Any CPU
		{2183C654-3969-41D7-A8E2-B463C2F942C5}.Release|Any CPU.ActiveCfg = Release|Any CPU
		{2183C654-3969-41D7-A8E2-B463C2F942C5}.Release|Any CPU.Build.0 = Release|Any CPU
	EndGlobalSection
	GlobalSection(SolutionProperties) = preSolution
		HideSolutionNode = FALSE
	EndGlobalSection
	GlobalSection(NestedProjects) = preSolution
		{4DAD8871-3C39-4A4F-B3C7-28A315F432A8} = {A81DD736-E8A5-403F-8CA6-651FAEFD3B20}
		{B602DDF0-BD22-482F-9E70-2F9FCDEC2F11} = {4E148DF4-38E1-4A89-9C11-C34E086DC628}
		{8702D474-4AEA-4013-88BB-DAC027409009} = {776D2A39-4C7F-4060-97F0-CB241696B0C2}
		{1542C38E-D331-44D8-9128-9A2399184D8D} = {4E148DF4-38E1-4A89-9C11-C34E086DC628}
		{2183C654-3969-41D7-A8E2-B463C2F942C5} = {4E148DF4-38E1-4A89-9C11-C34E086DC628}
	EndGlobalSection
EndGlobal
